{
  "name": "ajs.3",
  "version": "1.0.0",
  "lockfileVersion": 3,
  "requires": true,
  "packages": {
    "": {
      "name": "ajs.3",
      "version": "1.0.0",
      "license": "ISC",
      "dependencies": {
        "@dmitriytka4enko/ajs": "^1.0.0"
      }
    },
    "node_modules/@dmitriytka4enko/ajs": {
      "version": "1.0.0",
      "resolved": "https://npm.pkg.github.com/download/@dmitriytka4enko/ajs/1.0.0/16f94ebab99000c2f0e95569e044499eaddbc587",
      "integrity": "sha512-a2Md0e20xQfal3Gvgj1WyyjsBOQswuJ0pYRSX0S8TFnnh2QVWjpxWJqJYwDIONcNjDB51N3hMnb1fgfxEk+6JQ==",
      "license": "ISC"
    }
  }
}
